7zip
a52dec
aalib
aarch64-linux-gnu-binutils
aarch64-linux-gnu-gcc
aarch64-linux-gnu-glibc
aarch64-linux-gnu-linux-api-headers
abseil-cpp
acl
adwaita-cursors
adwaita-fonts
adwaita-icon-theme
adwaita-icon-theme-legacy
alembic
alsa-card-profiles
alsa-lib
alsa-plugins
alsa-topology-conf
alsa-ucm-conf
amd-ucode
android-ndk
android-sdk
angular-cli
aom
appstream
appstream-glib
aquamarine
archlinux-keyring
argon2
asusctl
at-spi2-core
atkmm
atlauncher-bin
atool
attr
audit
autoconf
automake
avahi
ayatana-ido
babl
base
base-devel
bash
binutils
bison
blas
blender
blosc
blueman
bluez
bluez-libs
boost-libs
brightnessctl
brotli
btop
bzip2
c-ares
ca-certificates
ca-certificates-mozilla
ca-certificates-utils
cairo
cairomm
cairomm-1.16
capstone
cblas
cdparanoia
cfitsio
chafa
chromium
clang
cmake
compiler-rt
composer
containerd
coreutils
cppdap
cryptsetup
curl
dav1d
db5.3
dbeaver
dbus
dbus-broker
dbus-broker-units
dbus-units
dconf
debugedit
debuginfod
default-cursors
desktop-file-utils
device-mapper
diffutils
discord
dkms
docker
docker-compose
dos2unix
dosfstools
dotnet-host
dotnet-runtime
dotnet-sdk
dotnet-targeting-pack
double-conversion
doxygen
draco
dtc
duktape
dunst
dvisvgm
e2fsprogs
edk2-ovmf
efibootmgr
efivar
egl-gbm
egl-wayland
egl-x11
eglexternalplatform
embree
exfatprogs
exiv2
expat
fakeroot
fastfetch
fcft
ffcall
ffmpeg
fftw
file
filesystem
findutils
fish
flac
flex
flutter-bin
fmt
fontconfig
foot
fpc
freeglut
freetype2
fribidi
fuse-common
fuse2
fuse3
fuzzel
fzf
gawk
gc
gcc
gcc-libs
gcr-4
gd
gdbm
gdk-pixbuf2
gegl
gettext
gflags
gfxstream
ghc-libs
ghostscript
giflib
gimp
git
github-cli
glew
glfw
glib-networking
glib2
glibc
glibmm
glibmm-2.68
glm
glslang
glu
gmp
gnulib-l10n
gnupg
gnutls
gobject-introspection-runtime
godot
google-glog
gperftools
gpgme
gpgmepp
gpm
gpsd
gradle
graphene
graphite
grep
grim
groff
gsettings-desktop-schemas
gsettings-system-schemas
gsm
gssdp
gst-plugin-pipewire
gst-plugins-bad-libs
gst-plugins-base
gst-plugins-base-libs
gst-plugins-ugly
gstreamer
gtest
gtk-layer-shell
gtk-update-icon-cache
gtk3
gtk4
gtkmm-4.0
gtkmm3
guile
gupnp
gupnp-igd
gzip
harfbuzz
haskell-aeson
haskell-aeson-pretty
haskell-ansi-terminal
haskell-ansi-terminal-types
haskell-appar
haskell-asn1-encoding
haskell-asn1-parse
haskell-asn1-types
haskell-assoc
haskell-async
haskell-attoparsec
haskell-attoparsec-aeson
haskell-attoparsec-iso8601
haskell-auto-update
haskell-base-compat
haskell-base-compat-batteries
haskell-base-orphans
haskell-base-unicode-symbols
haskell-base16-bytestring
haskell-base64-bytestring
haskell-basement
haskell-bifunctors
haskell-bitvec
haskell-blaze-builder
haskell-blaze-html
haskell-blaze-markup
haskell-boring
haskell-bsb-http-chunked
haskell-byteorder
haskell-call-stack
haskell-case-insensitive
haskell-cassava
haskell-cereal
haskell-citeproc
haskell-cmdargs
haskell-colour
haskell-commonmark
haskell-commonmark-extensions
haskell-commonmark-pandoc
haskell-comonad
haskell-conduit
haskell-conduit-extra
haskell-constraints
haskell-contravariant
haskell-cookie
haskell-crypton
haskell-crypton-connection
haskell-crypton-x509
haskell-crypton-x509-store
haskell-crypton-x509-system
haskell-crypton-x509-validation
haskell-data-default
haskell-data-default-class
haskell-data-default-instances-containers
haskell-data-default-instances-dlist
haskell-data-default-instances-old-locale
haskell-data-fix
haskell-dec
haskell-digest
haskell-distributive
haskell-djot
haskell-dlist
haskell-doclayout
haskell-doctemplates
haskell-easy-file
haskell-emojis
haskell-erf
haskell-fast-logger
haskell-file-embed
haskell-foldable1-classes-compat
haskell-generically
haskell-glob
haskell-gridtables
haskell-haddock-library
haskell-hashable
haskell-hourglass
haskell-hslua
haskell-hslua-aeson
haskell-hslua-classes
haskell-hslua-core
haskell-hslua-list
haskell-hslua-marshalling
haskell-hslua-module-doclayout
haskell-hslua-module-path
haskell-hslua-module-system
haskell-hslua-module-text
haskell-hslua-module-version
haskell-hslua-module-zip
haskell-hslua-objectorientation
haskell-hslua-packaging
haskell-hslua-repl
haskell-hslua-typing
haskell-http-api-data
haskell-http-client
haskell-http-client-tls
haskell-http-date
haskell-http-media
haskell-http-types
haskell-http2
haskell-hunit
haskell-indexed-traversable
haskell-indexed-traversable-instances
haskell-integer-logarithms
haskell-iproute
haskell-ipynb
haskell-isocline
haskell-jira-wiki-markup
haskell-juicypixels
haskell-lexer
haskell-libyaml
haskell-lpeg
haskell-lua
haskell-memory
haskell-mime-types
haskell-mmorph
haskell-monad-control
haskell-mono-traversable
haskell-network
haskell-network-byte-order
haskell-network-uri
haskell-old-locale
haskell-old-time
haskell-onetuple
haskell-only
haskell-optparse-applicative
haskell-ordered-containers
haskell-os-string
haskell-pandoc
haskell-pandoc-lua-engine
haskell-pandoc-lua-marshal
haskell-pandoc-server
haskell-pandoc-types
haskell-pem
haskell-pretty-show
haskell-prettyprinter
haskell-prettyprinter-ansi-terminal
haskell-primitive
haskell-psqueues
haskell-quickcheck
haskell-random
haskell-recv
haskell-regex-base
haskell-regex-tdfa
haskell-resourcet
haskell-safe
haskell-safe-exceptions
haskell-scientific
haskell-semialign
haskell-semigroupoids
haskell-servant
haskell-servant-server
haskell-sha
haskell-simple-sendfile
haskell-singleton-bool
haskell-skylighting
haskell-skylighting-core
haskell-skylighting-format-ansi
haskell-skylighting-format-blaze-html
haskell-skylighting-format-context
haskell-skylighting-format-latex
haskell-socks
haskell-some
haskell-sop-core
haskell-split
haskell-splitmix
haskell-statevar
haskell-streaming-commons
haskell-strict
haskell-syb
haskell-tagged
haskell-tagsoup
haskell-tasty
haskell-temporary
haskell-texmath
haskell-text-conversions
haskell-text-icu
haskell-text-short
haskell-th-abstraction
haskell-th-compat
haskell-th-lift
haskell-th-lift-instances
haskell-these
haskell-time-compat
haskell-time-manager
haskell-tls
haskell-toml-parser
haskell-transformers-base
haskell-transformers-compat
haskell-type-equality
haskell-typed-process
haskell-typst
haskell-typst-symbols
haskell-unicode-collation
haskell-unicode-data
haskell-unicode-transforms
haskell-uniplate
haskell-unix-compat
haskell-unix-time
haskell-unliftio
haskell-unliftio-core
haskell-unordered-containers
haskell-utf8-string
haskell-uuid-types
haskell-vault
haskell-vector
haskell-vector-algorithms
haskell-vector-stream
haskell-wai
haskell-wai-app-static
haskell-wai-cors
haskell-wai-extra
haskell-wai-logger
haskell-warp
haskell-witherable
haskell-word8
haskell-xml
haskell-xml-conduit
haskell-xml-types
haskell-yaml
haskell-zip-archive
haskell-zlib
hdf5
hicolor-icon-theme
hidapi
highlight
highway
hsa-rocr
hslua-cli
hwdata
hwloc
hyprcursor
hyprgraphics
hypridle
hyprland
hyprland-qt-support
hyprland-qtutils
hyprlang
hyprlock
hyprpaper
hyprsunset
hyprutils
hyprwayland-scanner
iana-etc
icu
ijs
imath
iniparser
intel-oneapi-common
intel-oneapi-compiler-dpcpp-cpp-runtime-libs
intel-oneapi-compiler-shared-runtime-libs
intel-oneapi-openmp
intel-oneapi-tbb
intel-oneapi-tcm
iproute2
iptables
iputils
iso-codes
jansson
jasper
java-environment-common
java-runtime-common
jbig2dec
jbigkit
jdk17-openjdk
jdk21-openjdk
jdk8-openjdk
jemalloc
jre8-openjdk
jre8-openjdk-headless
json-c
json-glib
jsoncpp
kbd
keyutils
kmod
krb5
l-smash
lame
lapack
lcms2
leancrypto
lensfun
less
level-zero-loader
lib32-alsa-lib
lib32-alsa-plugins
lib32-audit
lib32-brotli
lib32-bzip2
lib32-curl
lib32-dbus
lib32-e2fsprogs
lib32-expat
lib32-fontconfig
lib32-freetype2
lib32-gcc-libs
lib32-glib2
lib32-glibc
lib32-harfbuzz
lib32-icu
lib32-json-c
lib32-keyutils
lib32-krb5
lib32-libcap
lib32-libdrm
lib32-libelf
lib32-libffi
lib32-libgcrypt
lib32-libglvnd
lib32-libgpg-error
lib32-libidn2
lib32-libldap
lib32-libnghttp2
lib32-libnghttp3
lib32-libnm
lib32-libnsl
lib32-libpciaccess
lib32-libpipewire
lib32-libpng
lib32-libpsl
lib32-libssh2
lib32-libtasn1
lib32-libtirpc
lib32-libunistring
lib32-libva
lib32-libx11
lib32-libxau
lib32-libxcb
lib32-libxcrypt
lib32-libxcrypt-compat
lib32-libxdmcp
lib32-libxext
lib32-libxfixes
lib32-libxinerama
lib32-libxml2
lib32-libxshmfence
lib32-libxss
lib32-libxxf86vm
lib32-llvm-libs
lib32-lm_sensors
lib32-mesa
lib32-ncurses
lib32-nspr
lib32-nss
lib32-nvidia-utils
lib32-openssl
lib32-p11-kit
lib32-pam
lib32-pcre2
lib32-pipewire
lib32-spirv-tools
lib32-sqlite
lib32-systemd
lib32-util-linux
lib32-vulkan-icd-loader
lib32-wayland
lib32-xz
lib32-zlib
lib32-zstd
libadwaita
libaec
libaemu
libaio
libappindicator-gtk3
libarchive
libass
libassuan
libasyncns
libavc1394
libavif
libayatana-appindicator
libayatana-indicator
libb2
libbluray
libbpf
libbs2b
libbsd
libc++
libc++abi
libcacard
libcanberra
libcap
libcap-ng
libcbor
libcdio
libcgif
libcloudproviders
libcolord
libcups
libcurl-gnutls
libdaemon
libdatrie
libdbusmenu-glib
libdbusmenu-gtk3
libdc1394
libde265
libdecor
libdeflate
libdisplay-info
libdovi
libdrm
libdvdnav
libdvdread
libebur128
libedit
libei
libelf
libepoxy
libevdev
libevent
libexif
libfdk-aac
libffi
libfontenc
libfreeaptx
libgcrypt
libgexiv2
libgirepository
libglvnd
libgpg-error
libgudev
libharu
libheif
libice
libidn
libidn2
libiec61883
libimagequant
libimobiledevice
libimobiledevice-glue
libinih
libinput
libisl
libjpeg-turbo
libjxl
libksba
liblc3
libldac
libldap
libliftoff
libluv
libmd
libmicrohttpd
libmm-glib
libmng
libmnl
libmodplug
libmpc
libmpdclient
libmpeg2
libmypaint
libmysofa
libndp
libnet
libnetfilter_conntrack
libnewt
libnfnetlink
libnfs
libnftnl
libnghttp2
libnghttp3
libngtcp2
libnice
libnl
libnm
libnma
libnma-common
libnotify
libnsl
libnvme
libogg
libopenmpt
libp11-kit
libpaper
libpcap
libpciaccess
libpgm
libpipeline
libpipewire
libplacebo
libplist
libpng
libproxy
libpsl
libpulse
libraw
libraw1394
librsvg
libsamplerate
libsasl
libseccomp
libsecret
libsigc++
libsigc++-3.0
libsigsegv
libsixel
libslirp
libsm
libsndfile
libsodium
libsoup3
libsoxr
libspeechd
libspiro
libspnav
libspng
libsquish
libssh
libssh2
libstemmer
libsynctex
libsysprof-capture
libtasn1
libteam
libthai
libtheora
libtiff
libtirpc
libtool
libtraceevent
libtracefs
libunibreak
libunistring
libunwind
liburing
libusb
libusbmuxd
libutempter
libutf8proc
libuv
libva
libvdpau
libverto
libvips
libvorbis
libvpl
libvpx
libvterm
libwacom
libwebp
libwireplumber
libwmf
libwslay
libx11
libxau
libxaw
libxcb
libxcomposite
libxcrypt
libxcrypt-compat
libxcursor
libxcvt
libxdamage
libxdmcp
libxdp
libxext
libxfixes
libxfont2
libxft
libxi
libxinerama
libxkbcommon
libxkbcommon-x11
libxkbfile
libxml2
libxmlb
libxmu
libxpm
libxrandr
libxrender
libxshmfence
libxslt
libxss
libxt
libxtst
libxv
libxxf86vm
libyaml
libyuv
libzip
licenses
lilv
linux
linux-api-headers
linux-firmware
linux-firmware-amdgpu
linux-firmware-atheros
linux-firmware-broadcom
linux-firmware-cirrus
linux-firmware-intel
linux-firmware-mediatek
linux-firmware-nvidia
linux-firmware-other
linux-firmware-radeon
linux-firmware-realtek
linux-firmware-whence
linux-headers
lld
llvm
llvm-libs
lm_sensors
lmdb
log4cplus
lsb-release
lsof
lua
lua-lpeg
lua51-lpeg
luajit
lv2
lz4
lzo
m4
mailcap
make
man-db
man-pages
manifold
mariadb
mariadb-clients
mariadb-libs
materialx
md4c
mesa
mingw-w64-binutils
mingw-w64-crt
mingw-w64-gcc
mingw-w64-headers
mingw-w64-winpthreads
miniupnpc
minizip
minizip-ng
mkinitcpio
mkinitcpio-busybox
mobile-broadband-provider-info
mpdecimal
mpfr
mpg123
msgpack-c
mtdev
mypaint-brushes1
nanobind
ncurses
ndctl
neovim
netstandard-targeting-pack
nettle
network-manager-applet
networkmanager
networkmanager-openvpn
ninja
nm-connection-editor
node-gyp
nodejs
nodejs-nopt
noto-fonts
noto-fonts-emoji
npm
npth
nspr
nss
ntfs-3g
numactl
nvidia
nvidia-utils
nwg-displays
ocl-icd
onetbb
oniguruma
onlyoffice-bin
openal
openbsd-netcat
opencolorio
opencore-amr
opencv
openexr
openh264
openimagedenoise
openimageio
openjpeg2
openpgl
openshadinglanguage
openssh
openssl
opensubdiv
openvdb
openvpn
openxr
opus
orc
p11-kit
pacman
pacman-mirrorlist
pahole
pam
pambase
pandoc-cli
pango
pangomm
pangomm-2.48
patch
pavucontrol
pciutils
pcre
pcre2
pcsclite
perl
perl-error
perl-mailtools
perl-timedate
php
pinentry
pipewire
pipewire-alsa
pipewire-audio
pipewire-jack
pipewire-pulse
pixman
pkcs11-helper
pkgconf
playerctl
polkit
poppler
poppler-data
poppler-glib
popt
portaudio
potrace
pps-tools
procps-ng
protobuf
psmisc
ptex
pugixml
pybind11
pyside6
pystring
python
python-autocommand
python-cairo
python-charset-normalizer
python-gobject
python-i3ipc
python-idna
python-jaraco.collections
python-jaraco.context
python-jaraco.functools
python-jaraco.text
python-jinja
python-markupsafe
python-more-itertools
python-numpy
python-opengl
python-packaging
python-platformdirs
python-requests
python-setuptools
python-six
python-urllib3
python-wheel
python-xlib
qemu-audio-alsa
qemu-audio-dbus
qemu-audio-jack
qemu-audio-oss
qemu-audio-pa
qemu-audio-pipewire
qemu-audio-sdl
qemu-audio-spice
qemu-base
qemu-block-curl
qemu-block-dmg
qemu-block-nfs
qemu-block-ssh
qemu-chardev-spice
qemu-common
qemu-desktop
qemu-hw-display-qxl
qemu-hw-display-virtio-gpu
qemu-hw-display-virtio-gpu-gl
qemu-hw-display-virtio-gpu-pci
qemu-hw-display-virtio-gpu-pci-gl
qemu-hw-display-virtio-gpu-pci-rutabaga
qemu-hw-display-virtio-gpu-rutabaga
qemu-hw-display-virtio-vga
qemu-hw-display-virtio-vga-gl
qemu-hw-display-virtio-vga-rutabaga
qemu-hw-uefi-vars
qemu-hw-usb-host
qemu-hw-usb-redirect
qemu-hw-usb-smartcard
qemu-img
qemu-system-x86
qemu-system-x86-firmware
qemu-ui-curses
qemu-ui-dbus
qemu-ui-egl-headless
qemu-ui-gtk
qemu-ui-opengl
qemu-ui-sdl
qemu-ui-spice-app
qemu-ui-spice-core
qemu-vhost-user-gpu
qt6-base
qt6-declarative
qt6-svg
qt6-translations
qt6-wayland
ranger
rav1e
rdma-core
re2
readline
rhash
ripgrep
rocm-core
rocm-device-libs
rocm-smi-lib
rocprofiler-register
rpi-imager
rtkit
rubberband
runc
rustup
rutabaga-ffi
sbc
sdbus-cpp
sdl2-compat
sdl2_image
sdl3
sdl3_image
seabios
seatd
sed
semver
sequoia-sqv
serd
shaderc
shadow
shared-mime-info
shiboken6
simdjson
slang
slurp
smartmontools
snappy
sndio
sof-firmware
sord
sound-theme-freedesktop
spdlog
speex
speexdsp
spice
spice-protocol
spirv-tools
spotify-launcher
sqlite
sqlx-cli
sratom
srt
sshfs
starship
steam
sudo
suitesparse
supergfxctl
svt-av1
systemd
systemd-libs
systemd-sysvcompat
tar
tdb
texinfo
texlive-basic
texlive-bin
texlive-fontsrecommended
texlive-fontutils
texlive-langenglish
texlive-langeuropean
texlive-latex
texlive-latexextra
texlive-latexrecommended
texlive-pictures
texlive-plaingeneric
tinysparql
tinyxxd
tmux
tomlplusplus
tpm2-tss
tree-sitter
tree-sitter-c
tree-sitter-cli
tree-sitter-lua
tree-sitter-markdown
tree-sitter-query
tree-sitter-vim
tree-sitter-vimdoc
trunk
tslib
ttf-carlito
ttf-dejavu
ttf-hack-nerd
ttf-liberation
tzdata
ueberzugpp
unibilium
unionfs-fuse
unrar
unzip
upower
usbredir
usbutils
usd
util-linux
util-linux-libs
v4l-utils
v4l2loopback-dkms
valgrind
vapoursynth
vde2
verdict
vid.stab
virglrenderer
virtiofsd
vmaf
vte-common
vte3
vulkan-icd-loader
wasm-pack
watchexec
waybar
wayland
wayland-protocols
webrtc-audio-processing-1
wf-recorder
which
wine
wine-mono
wireplumber
wl-clipboard
woff2
wolfssl
wpa_supplicant
x264
x265
xcb-proto
xcb-util
xcb-util-cursor
xcb-util-errors
xcb-util-image
xcb-util-keysyms
xcb-util-renderutil
xcb-util-wm
xdg-desktop-portal
xdg-desktop-portal-hyprland
xdg-user-dirs
xdg-utils
xkeyboard-config
xorg-fonts-encodings
xorg-server-common
xorg-setxkbmap
xorg-xkbcomp
xorg-xprop
xorg-xrandr
xorg-xset
xorg-xwayland
xorgproto
xvidcore
xxhash
xz
yaml-cpp
yay
yay-debug
yyjson
zenity
zeromq
zimg
zip
zix
zlib
zlib-ng
zoxide
zram-generator
zstd
zziplib
